
Microsoft Visual Studio Solution File, Format Version 12.00
# Visual Studio 15
VisualStudioVersion = 15.0.28307.136
MinimumVisualStudioVersion = 10.0.40219.1
Project("{FAE04EC0-301F-11D3-BF4B-00C04F79EFBC}") = "Dependency", "Dependency\Dependency.csproj", "{2CD569D5-DD89-4DB0-AB74-15D8BD6A4299}"
EndProject
Global
	GlobalSection(SolutionConfigurationPlatforms) = preSolution
		Debug|Any CPU = Debug|Any CPU
		Release|Any CPU = Release|Any CPU
	EndGlobalSection
	GlobalSection(ProjectConfigurationPlatforms) = postSolution
		{2CD569D5-DD89-4DB0-AB74-15D8BD6A4299}.Debug|Any CPU.ActiveCfg = Debug|Any CPU
		{2CD569D5-DD89-4DB0-AB74-15D8BD6A4299}.Debug|Any CPU.Build.0 = Debug|Any CPU
		{2CD569D5-DD89-4DB0-AB74-15D8BD6A4299}.Release|Any CPU.ActiveCfg = Release|Any CPU
		{2CD569D5-DD89-4DB0-AB74-15D8BD6A4299}.Release|Any CPU.Build.0 = Release|Any CPU
	EndGlobalSection
	GlobalSection(SolutionProperties) = preSolution
		HideSolutionNode = FALSE
	EndGlobalSection
	GlobalSection(ExtensibilityGlobals) = postSolution
		SolutionGuid = {4BE9447E-97B1-4E06-87E3-BEB992430E9C}
	EndGlobalSection
EndGlobal
